
Microsoft Visual Studio Solution File, Format Version 12.00
# Visual Studio Version 16
VisualStudioVersion = 16.0.29905.134
MinimumVisualStudioVersion = 10.0.40219.1
Project("{FAE04EC0-301F-11D3-BF4B-00C04F79EFBC}") = "CpmPedidos.Domain", "CpmPedidos.Domain\CpmPedidos.Domain.csproj", "{A66DAB64-54E7-4410-A66B-82A83A67381E}"
EndProject
Global
	GlobalSection(SolutionConfigurationPlatforms) = preSolution
		Debug|Any CPU = Debug|Any CPU
		Release|Any CPU = Release|Any CPU
	EndGlobalSection
	GlobalSection(ProjectConfigurationPlatforms) = postSolution
		{A66DAB64-54E7-4410-A66B-82A83A67381E}.Debug|Any CPU.ActiveCfg = Debug|Any CPU
		{A66DAB64-54E7-4410-A66B-82A83A67381E}.Debug|Any CPU.Build.0 = Debug|Any CPU
		{A66DAB64-54E7-4410-A66B-82A83A67381E}.Release|Any CPU.ActiveCfg = Release|Any CPU
		{A66DAB64-54E7-4410-A66B-82A83A67381E}.Release|Any CPU.Build.0 = Release|Any CPU
	EndGlobalSection
	GlobalSection(SolutionProperties) = preSolution
		HideSolutionNode = FALSE
	EndGlobalSection
	GlobalSection(ExtensibilityGlobals) = postSolution
		SolutionGuid = {9322CF2F-4E94-4A73-BA9D-77A656D561E8}
	EndGlobalSection
EndGlobal
