
Microsoft Visual Studio Solution File, Format Version 12.00
# Visual Studio Version 16
VisualStudioVersion = 16.0.30523.141
MinimumVisualStudioVersion = 10.0.40219.1
Project("{FAE04EC0-301F-11D3-BF4B-00C04F79EFBC}") = "Exercicio1_Resolucao", "Exercicio1_Resolucao\Exercicio1_Resolucao.csproj", "{2DAD4D63-6EF5-49D3-ADC5-E3F1905615FE}"
EndProject
Global
	GlobalSection(SolutionConfigurationPlatforms) = preSolution
		Debug|Any CPU = Debug|Any CPU
		Release|Any CPU = Release|Any CPU
	EndGlobalSection
	GlobalSection(ProjectConfigurationPlatforms) = postSolution
		{2DAD4D63-6EF5-49D3-ADC5-E3F1905615FE}.Debug|Any CPU.ActiveCfg = Debug|Any CPU
		{2DAD4D63-6EF5-49D3-ADC5-E3F1905615FE}.Debug|Any CPU.Build.0 = Debug|Any CPU
		{2DAD4D63-6EF5-49D3-ADC5-E3F1905615FE}.Release|Any CPU.ActiveCfg = Release|Any CPU
		{2DAD4D63-6EF5-49D3-ADC5-E3F1905615FE}.Release|Any CPU.Build.0 = Release|Any CPU
	EndGlobalSection
	GlobalSection(SolutionProperties) = preSolution
		HideSolutionNode = FALSE
	EndGlobalSection
	GlobalSection(ExtensibilityGlobals) = postSolution
		SolutionGuid = {63C10512-D5A1-493F-A71D-A5116C9067A4}
	EndGlobalSection
EndGlobal
