
Microsoft Visual Studio Solution File, Format Version 12.00
# Visual Studio 15
VisualStudioVersion = 15.0.28307.902
MinimumVisualStudioVersion = 10.0.40219.1
Project("{FAE04EC0-301F-11D3-BF4B-00C04F79EFBC}") = "Conjuntos", "Conjuntos\Conjuntos.csproj", "{66C88059-A05D-4EA0-9AD1-670D5D336B6C}"
EndProject
Global
	GlobalSection(SolutionConfigurationPlatforms) = preSolution
		Debug|Any CPU = Debug|Any CPU
		Release|Any CPU = Release|Any CPU
	EndGlobalSection
	GlobalSection(ProjectConfigurationPlatforms) = postSolution
		{66C88059-A05D-4EA0-9AD1-670D5D336B6C}.Debug|Any CPU.ActiveCfg = Debug|Any CPU
		{66C88059-A05D-4EA0-9AD1-670D5D336B6C}.Debug|Any CPU.Build.0 = Debug|Any CPU
		{66C88059-A05D-4EA0-9AD1-670D5D336B6C}.Release|Any CPU.ActiveCfg = Release|Any CPU
		{66C88059-A05D-4EA0-9AD1-670D5D336B6C}.Release|Any CPU.Build.0 = Release|Any CPU
	EndGlobalSection
	GlobalSection(SolutionProperties) = preSolution
		HideSolutionNode = FALSE
	EndGlobalSection
	GlobalSection(ExtensibilityGlobals) = postSolution
		SolutionGuid = {87C756DB-3CEE-4838-B707-4E2A345A45B3}
	EndGlobalSection
EndGlobal
