
Microsoft Visual Studio Solution File, Format Version 12.00
# Visual Studio Version 16
VisualStudioVersion = 16.0.30523.141
MinimumVisualStudioVersion = 10.0.40219.1
Project("{FAE04EC0-301F-11D3-BF4B-00C04F79EFBC}") = "Exercicio2_Resolucao", "Exercicio2_Resolucao\Exercicio2_Resolucao.csproj", "{3FE34FD5-5277-4E50-BD5A-E68CD7169C0C}"
EndProject
Global
	GlobalSection(SolutionConfigurationPlatforms) = preSolution
		Debug|Any CPU = Debug|Any CPU
		Release|Any CPU = Release|Any CPU
	EndGlobalSection
	GlobalSection(ProjectConfigurationPlatforms) = postSolution
		{3FE34FD5-5277-4E50-BD5A-E68CD7169C0C}.Debug|Any CPU.ActiveCfg = Debug|Any CPU
		{3FE34FD5-5277-4E50-BD5A-E68CD7169C0C}.Debug|Any CPU.Build.0 = Debug|Any CPU
		{3FE34FD5-5277-4E50-BD5A-E68CD7169C0C}.Release|Any CPU.ActiveCfg = Release|Any CPU
		{3FE34FD5-5277-4E50-BD5A-E68CD7169C0C}.Release|Any CPU.Build.0 = Release|Any CPU
	EndGlobalSection
	GlobalSection(SolutionProperties) = preSolution
		HideSolutionNode = FALSE
	EndGlobalSection
	GlobalSection(ExtensibilityGlobals) = postSolution
		SolutionGuid = {200A7227-8007-42D9-BE71-2F0D29C0C08A}
	EndGlobalSection
EndGlobal
