
Microsoft Visual Studio Solution File, Format Version 12.00
# Visual Studio Version 16
VisualStudioVersion = 16.0.30523.141
MinimumVisualStudioVersion = 10.0.40219.1
Project("{FAE04EC0-301F-11D3-BF4B-00C04F79EFBC}") = "Exercicio6_Resolucao", "Exercicio6_Resolucao\Exercicio6_Resolucao.csproj", "{58BA8451-F8B5-49ED-A85F-2AF6D571A69F}"
EndProject
Global
	GlobalSection(SolutionConfigurationPlatforms) = preSolution
		Debug|Any CPU = Debug|Any CPU
		Release|Any CPU = Release|Any CPU
	EndGlobalSection
	GlobalSection(ProjectConfigurationPlatforms) = postSolution
		{58BA8451-F8B5-49ED-A85F-2AF6D571A69F}.Debug|Any CPU.ActiveCfg = Debug|Any CPU
		{58BA8451-F8B5-49ED-A85F-2AF6D571A69F}.Debug|Any CPU.Build.0 = Debug|Any CPU
		{58BA8451-F8B5-49ED-A85F-2AF6D571A69F}.Release|Any CPU.ActiveCfg = Release|Any CPU
		{58BA8451-F8B5-49ED-A85F-2AF6D571A69F}.Release|Any CPU.Build.0 = Release|Any CPU
	EndGlobalSection
	GlobalSection(SolutionProperties) = preSolution
		HideSolutionNode = FALSE
	EndGlobalSection
	GlobalSection(ExtensibilityGlobals) = postSolution
		SolutionGuid = {3944F930-A778-4BF8-8C11-26D06DEC9B45}
	EndGlobalSection
EndGlobal
